
Microsoft Visual Studio Solution File, Format Version 12.00
# Visual Studio 15
VisualStudioVersion = 15.0.28010.2046
MinimumVisualStudioVersion = 10.0.40219.1
Project("{9A19103F-16F7-4668-BE54-9A1E7A4F7556}") = "IdeaSpace", "IdeaSpaceEngine\IdeaSpace.csproj", "{C582CD92-1974-4A06-98FB-55AC551ACE5D}"
EndProject
Project("{9A19103F-16F7-4668-BE54-9A1E7A4F7556}") = "IdeaSpaceTests", "IdeaSpaceEngineTests\IdeaSpaceTests.csproj", "{42F21C01-15E6-46CB-B1AB-DABE73D60BA0}"
EndProject
Project("{9A19103F-16F7-4668-BE54-9A1E7A4F7556}") = "IdeaSpaceWebClient", "IdeaSpaceWebClient\IdeaSpaceWebClient.csproj", "{A8EB46A1-FF98-4998-B459-9E429E3E1567}"
EndProject
Project("{FAE04EC0-301F-11D3-BF4B-00C04F79EFBC}") = "IdeaSpacePresentationServices", "IdeaSpacePresentationServices\IdeaSpacePresentationServices.csproj", "{3F9A7F26-284F-424E-B7C4-56B233AA3F5C}"
EndProject
Global
	GlobalSection(SolutionConfigurationPlatforms) = preSolution
		Debug|Any CPU = Debug|Any CPU
		Release|Any CPU = Release|Any CPU
	EndGlobalSection
	GlobalSection(ProjectConfigurationPlatforms) = postSolution
		{C582CD92-1974-4A06-98FB-55AC551ACE5D}.Debug|Any CPU.ActiveCfg = Debug|Any CPU
		{C582CD92-1974-4A06-98FB-55AC551ACE5D}.Debug|Any CPU.Build.0 = Debug|Any CPU
		{C582CD92-1974-4A06-98FB-55AC551ACE5D}.Release|Any CPU.ActiveCfg = Release|Any CPU
		{C582CD92-1974-4A06-98FB-55AC551ACE5D}.Release|Any CPU.Build.0 = Release|Any CPU
		{42F21C01-15E6-46CB-B1AB-DABE73D60BA0}.Debug|Any CPU.ActiveCfg = Debug|Any CPU
		{42F21C01-15E6-46CB-B1AB-DABE73D60BA0}.Debug|Any CPU.Build.0 = Debug|Any CPU
		{42F21C01-15E6-46CB-B1AB-DABE73D60BA0}.Release|Any CPU.ActiveCfg = Release|Any CPU
		{42F21C01-15E6-46CB-B1AB-DABE73D60BA0}.Release|Any CPU.Build.0 = Release|Any CPU
		{A8EB46A1-FF98-4998-B459-9E429E3E1567}.Debug|Any CPU.ActiveCfg = Debug|Any CPU
		{A8EB46A1-FF98-4998-B459-9E429E3E1567}.Debug|Any CPU.Build.0 = Debug|Any CPU
		{A8EB46A1-FF98-4998-B459-9E429E3E1567}.Release|Any CPU.ActiveCfg = Release|Any CPU
		{A8EB46A1-FF98-4998-B459-9E429E3E1567}.Release|Any CPU.Build.0 = Release|Any CPU
		{3F9A7F26-284F-424E-B7C4-56B233AA3F5C}.Debug|Any CPU.ActiveCfg = Debug|Any CPU
		{3F9A7F26-284F-424E-B7C4-56B233AA3F5C}.Debug|Any CPU.Build.0 = Debug|Any CPU
		{3F9A7F26-284F-424E-B7C4-56B233AA3F5C}.Release|Any CPU.ActiveCfg = Release|Any CPU
		{3F9A7F26-284F-424E-B7C4-56B233AA3F5C}.Release|Any CPU.Build.0 = Release|Any CPU
	EndGlobalSection
	GlobalSection(SolutionProperties) = preSolution
		HideSolutionNode = FALSE
	EndGlobalSection
	GlobalSection(ExtensibilityGlobals) = postSolution
		SolutionGuid = {976558F2-7E6E-4925-B326-552D17CCF39E}
	EndGlobalSection
EndGlobal
